
Microsoft Visual Studio Solution File, Format Version 12.00
# Visual Studio Version 16
VisualStudioVersion = 16.0.33801.447
MinimumVisualStudioVersion = 10.0.40219.1
Project("{FAE04EC0-301F-11D3-BF4B-00C04F79EFBC}") = "my-books", "my-books\my-books.csproj", "{DFC3D2BD-65F8-41D6-A145-03E03AAD3751}"
EndProject
Global
	GlobalSection(SolutionConfigurationPlatforms) = preSolution
		Debug|Any CPU = Debug|Any CPU
		Release|Any CPU = Release|Any CPU
	EndGlobalSection
	GlobalSection(ProjectConfigurationPlatforms) = postSolution
		{DFC3D2BD-65F8-41D6-A145-03E03AAD3751}.Debug|Any CPU.ActiveCfg = Debug|Any CPU
		{DFC3D2BD-65F8-41D6-A145-03E03AAD3751}.Debug|Any CPU.Build.0 = Debug|Any CPU
		{DFC3D2BD-65F8-41D6-A145-03E03AAD3751}.Release|Any CPU.ActiveCfg = Release|Any CPU
		{DFC3D2BD-65F8-41D6-A145-03E03AAD3751}.Release|Any CPU.Build.0 = Release|Any CPU
	EndGlobalSection
	GlobalSection(SolutionProperties) = preSolution
		HideSolutionNode = FALSE
	EndGlobalSection
	GlobalSection(ExtensibilityGlobals) = postSolution
		SolutionGuid = {2BDDAE2C-C0B5-491E-97B5-ABAEA2F3CBA3}
	EndGlobalSection
EndGlobal
